Microsoft Visual Studio Solution File, Format Version 12.00
# Visual Studio Version 17
VisualStudioVersion = 17.5.2.0
MinimumVisualStudioVersion = 10.0.40219.1
Project("{FAE04EC0-301F-11D3-BF4B-00C04F79EFBC}") = "DesafioProjetoHospedagem", "trilha-net-explorando-desafio\DesafioProjetoHospedagem.csproj", "{ACFC23A2-27D5-A888-CFF1-5FC4ED75D8A0}"
EndProject
Global
	GlobalSection(SolutionConfigurationPlatforms) = preSolution
		Debug|Any CPU = Debug|Any CPU
		Release|Any CPU = Release|Any CPU
	EndGlobalSection
	GlobalSection(ProjectConfigurationPlatforms) = postSolution
		{ACFC23A2-27D5-A888-CFF1-5FC4ED75D8A0}.Debug|Any CPU.ActiveCfg = Debug|Any CPU
		{ACFC23A2-27D5-A888-CFF1-5FC4ED75D8A0}.Debug|Any CPU.Build.0 = Debug|Any CPU
		{ACFC23A2-27D5-A888-CFF1-5FC4ED75D8A0}.Release|Any CPU.ActiveCfg = Release|Any CPU
		{ACFC23A2-27D5-A888-CFF1-5FC4ED75D8A0}.Release|Any CPU.Build.0 = Release|Any CPU
	EndGlobalSection
	GlobalSection(SolutionProperties) = preSolution
		HideSolutionNode = FALSE
	EndGlobalSection
	GlobalSection(ExtensibilityGlobals) = postSolution
		SolutionGuid = {5C25970B-8466-4190-9F6D-9D4023CA1027}
	EndGlobalSection
EndGlobal
